
Microsoft Visual Studio Solution File, Format Version 11.00
# Visual Studio 2010
Project("{FAE04EC0-301F-11D3-BF4B-00C04F79EFBC}") = "Unity.ShaderGraph.Editor", "Unity.ShaderGraph.Editor.csproj", "{cdbe483a-d1a4-a8eb-199c-599d7900c285}"
EndProject
Project("{FAE04EC0-301F-11D3-BF4B-00C04F79EFBC}") = "Unity.RenderPipelines.Universal.Editor", "Unity.RenderPipelines.Universal.Editor.csproj", "{ffe08dfd-a80e-d88d-bc4f-cd42464311f2}"
EndProject
Project("{FAE04EC0-301F-11D3-BF4B-00C04F79EFBC}") = "Unity.RenderPipelines.Universal.Runtime", "Unity.RenderPipelines.Universal.Runtime.csproj", "{18ff97b5-3fd1-c4dc-b906-c98fb4ecda92}"
EndProject
Project("{FAE04EC0-301F-11D3-BF4B-00C04F79EFBC}") = "Unity.RenderPipelines.Universal.2D.Runtime", "Unity.RenderPipelines.Universal.2D.Runtime.csproj", "{3a019c02-1d6f-3334-1bb3-fd58bde9a900}"
EndProject
Project("{FAE04EC0-301F-11D3-BF4B-00C04F79EFBC}") = "Unity.RenderPipelines.Core.Runtime", "Unity.RenderPipelines.Core.Runtime.csproj", "{651094fe-8230-cd19-37a4-16d290e365b8}"
EndProject
Project("{FAE04EC0-301F-11D3-BF4B-00C04F79EFBC}") = "UnityEditor.UI", "UnityEditor.UI.csproj", "{192b54eb-1e36-8178-c312-841c00d24d02}"
EndProject
Project("{FAE04EC0-301F-11D3-BF4B-00C04F79EFBC}") = "Unity.RenderPipelines.Core.Editor", "Unity.RenderPipelines.Core.Editor.csproj", "{063d476e-cd17-9a75-4186-43af76af8f54}"
EndProject
Project("{FAE04EC0-301F-11D3-BF4B-00C04F79EFBC}") = "Unity.Mathematics", "Unity.Mathematics.csproj", "{53c76c75-9975-3776-e65f-c33036b4881f}"
EndProject
Project("{FAE04EC0-301F-11D3-BF4B-00C04F79EFBC}") = "Unity.Searcher.Editor", "Unity.Searcher.Editor.csproj", "{cc877d69-c965-afb7-5985-1b010c028e10}"
EndProject
Project("{FAE04EC0-301F-11D3-BF4B-00C04F79EFBC}") = "Unity.Burst", "Unity.Burst.csproj", "{3aebf37d-87ac-dda4-95c9-d76cb42b96de}"
EndProject
Project("{FAE04EC0-301F-11D3-BF4B-00C04F79EFBC}") = "UnityEngine.UI", "UnityEngine.UI.csproj", "{406db75e-4363-3498-0f7e-acffc38718cf}"
EndProject
Project("{FAE04EC0-301F-11D3-BF4B-00C04F79EFBC}") = "PPv2URPConverters", "PPv2URPConverters.csproj", "{e7ddac86-8c35-e245-f630-373bdd4a28b1}"
EndProject
Project("{FAE04EC0-301F-11D3-BF4B-00C04F79EFBC}") = "Unity.Rider.Editor", "Unity.Rider.Editor.csproj", "{d327f894-c061-bc7c-a190-3e2f80ac6577}"
EndProject
Project("{FAE04EC0-301F-11D3-BF4B-00C04F79EFBC}") = "Unity.Burst.CodeGen", "Unity.Burst.CodeGen.csproj", "{66a401ea-813c-163f-a520-af27af937b6e}"
EndProject
Project("{FAE04EC0-301F-11D3-BF4B-00C04F79EFBC}") = "Unity.RenderPipeline.Universal.ShaderLibrary", "Unity.RenderPipeline.Universal.ShaderLibrary.csproj", "{e5d0e126-aaef-8e7b-dd00-f850fe098338}"
EndProject
Project("{FAE04EC0-301F-11D3-BF4B-00C04F79EFBC}") = "Unity.Toolchain.Linux-x86_64", "Unity.Toolchain.Linux-x86_64.csproj", "{28c74b25-155c-b1a5-f6ca-c0dda6896761}"
EndProject
Project("{FAE04EC0-301F-11D3-BF4B-00C04F79EFBC}") = "Unity.Burst.Editor", "Unity.Burst.Editor.csproj", "{6fda758e-c727-a930-b345-1f0d4a16bbce}"
EndProject
Project("{FAE04EC0-301F-11D3-BF4B-00C04F79EFBC}") = "Unity.Sysroot.Linux_x86_64", "Unity.Sysroot.Linux_x86_64.csproj", "{60b1020b-69b7-5f61-152c-0410aef0ed49}"
EndProject
Project("{FAE04EC0-301F-11D3-BF4B-00C04F79EFBC}") = "Unity.ShaderGraph.Utilities", "Unity.ShaderGraph.Utilities.csproj", "{9886ad66-f8ac-c40a-afc6-f4bd175ae060}"
EndProject
Project("{FAE04EC0-301F-11D3-BF4B-00C04F79EFBC}") = "Unity.Mathematics.Editor", "Unity.Mathematics.Editor.csproj", "{d5832307-7120-f54f-e386-b64ac9285258}"
EndProject
Project("{FAE04EC0-301F-11D3-BF4B-00C04F79EFBC}") = "Unity.SysrootPackage.Editor", "Unity.SysrootPackage.Editor.csproj", "{47d58a10-0109-b59f-ef64-f6ef13ea4e2b}"
EndProject
Project("{FAE04EC0-301F-11D3-BF4B-00C04F79EFBC}") = "Assembly-CSharp", "Assembly-CSharp.csproj", "{2106585b-b409-cb68-b5f4-5b9dd210a60f}"
EndProject
Project("{FAE04EC0-301F-11D3-BF4B-00C04F79EFBC}") = "Unity.RenderPipelines.ShaderGraph.ShaderGraphLibrary", "Unity.RenderPipelines.ShaderGraph.ShaderGraphLibrary.csproj", "{bdd98947-a409-7a89-09b1-6b4d7856be77}"
EndProject
Project("{FAE04EC0-301F-11D3-BF4B-00C04F79EFBC}") = "Unity.RenderPipelines.Core.ShaderLibrary", "Unity.RenderPipelines.Core.ShaderLibrary.csproj", "{0085c2c7-7d54-fe95-5aa1-a5f7a70aea0f}"
EndProject
Project("{FAE04EC0-301F-11D3-BF4B-00C04F79EFBC}") = "Unity.RenderPipelines.Universal.Shaders", "Unity.RenderPipelines.Universal.Shaders.csproj", "{5602a31a-adbc-e23a-63f9-f1248d919c57}"
EndProject
Project("{FAE04EC0-301F-11D3-BF4B-00C04F79EFBC}") = "Unity.RenderPipelines.Universal.Runtime", "Unity.RenderPipelines.Universal.Runtime.Player.csproj", "{899fc9a0-c80d-c4f9-ce57-b1fcd1550091}"
EndProject
Project("{FAE04EC0-301F-11D3-BF4B-00C04F79EFBC}") = "Unity.RenderPipelines.Universal.2D.Runtime", "Unity.RenderPipelines.Universal.2D.Runtime.Player.csproj", "{5f140e53-0f9e-9af6-54ec-6415ebeed2c3}"
EndProject
Project("{FAE04EC0-301F-11D3-BF4B-00C04F79EFBC}") = "Unity.RenderPipelines.Core.Runtime", "Unity.RenderPipelines.Core.Runtime.Player.csproj", "{c4c07261-d2b1-48fe-6361-a1ab9b1f9af9}"
EndProject
Project("{FAE04EC0-301F-11D3-BF4B-00C04F79EFBC}") = "Unity.Mathematics", "Unity.Mathematics.Player.csproj", "{9d294b7b-8cb6-4f11-54d7-0a2321ec308b}"
EndProject
Project("{FAE04EC0-301F-11D3-BF4B-00C04F79EFBC}") = "Unity.Burst", "Unity.Burst.Player.csproj", "{21b6ce25-7c00-eec0-4135-2a0fb8dfb031}"
EndProject
Project("{FAE04EC0-301F-11D3-BF4B-00C04F79EFBC}") = "UnityEngine.UI", "UnityEngine.UI.Player.csproj", "{2331bdf4-6b3e-7661-8f8f-9ae8b09bec1e}"
EndProject
Project("{FAE04EC0-301F-11D3-BF4B-00C04F79EFBC}") = "Unity.RenderPipeline.Universal.ShaderLibrary", "Unity.RenderPipeline.Universal.ShaderLibrary.Player.csproj", "{e0f24994-4694-7731-54b1-3a864d8def13}"
EndProject
Project("{FAE04EC0-301F-11D3-BF4B-00C04F79EFBC}") = "Assembly-CSharp", "Assembly-CSharp.Player.csproj", "{c018c96c-51cd-f058-b691-d43367f7d851}"
EndProject
Project("{FAE04EC0-301F-11D3-BF4B-00C04F79EFBC}") = "Unity.RenderPipelines.ShaderGraph.ShaderGraphLibrary", "Unity.RenderPipelines.ShaderGraph.ShaderGraphLibrary.Player.csproj", "{ef1c5455-824d-5e58-e087-053cececed93}"
EndProject
Project("{FAE04EC0-301F-11D3-BF4B-00C04F79EFBC}") = "Unity.RenderPipelines.Core.ShaderLibrary", "Unity.RenderPipelines.Core.ShaderLibrary.Player.csproj", "{70c5440f-0521-16af-42c3-734ebd62a592}"
EndProject
Project("{FAE04EC0-301F-11D3-BF4B-00C04F79EFBC}") = "Unity.RenderPipelines.Universal.Shaders", "Unity.RenderPipelines.Universal.Shaders.Player.csproj", "{4a989906-bd2d-98e4-8907-1ba647e6e9b1}"
EndProject
Project("{FAE04EC0-301F-11D3-BF4B-00C04F79EFBC}") = "UnityEngine.UI.Tests", "UnityEngine.UI.Tests.csproj", "{ea8cdb30-3730-1fbd-7807-78653ad31d8f}"
EndProject
Project("{FAE04EC0-301F-11D3-BF4B-00C04F79EFBC}") = "Unity.Burst.Tests.UnitTests", "Unity.Burst.Tests.UnitTests.csproj", "{c6d09311-2750-58c6-4bf4-9618d39f24bb}"
EndProject
Project("{FAE04EC0-301F-11D3-BF4B-00C04F79EFBC}") = "UnityEditor.UI.EditorTests", "UnityEditor.UI.EditorTests.csproj", "{31126b4a-4e1a-6fd4-ff79-87b54d49cb74}"
EndProject
Project("{FAE04EC0-301F-11D3-BF4B-00C04F79EFBC}") = "Unity.Mathematics.Tests", "Unity.Mathematics.Tests.csproj", "{60418c05-420b-5231-7d9e-e03cec1a3327}"
EndProject
Project("{FAE04EC0-301F-11D3-BF4B-00C04F79EFBC}") = "Unity.RenderPipelines.Core.Editor.Tests", "Unity.RenderPipelines.Core.Editor.Tests.csproj", "{0d651275-fa2f-9aa7-a787-b7374f3b5253}"
EndProject
Project("{FAE04EC0-301F-11D3-BF4B-00C04F79EFBC}") = "Unity.RenderPipelines.Core.Runtime.Tests", "Unity.RenderPipelines.Core.Runtime.Tests.csproj", "{e3429c2b-bf30-2f03-a70a-b2ad1229a635}"
EndProject
Project("{FAE04EC0-301F-11D3-BF4B-00C04F79EFBC}") = "Unity.Burst.Editor.Tests", "Unity.Burst.Editor.Tests.csproj", "{c73fe8e0-97da-fab5-c018-f0c0dc9ade3e}"
EndProject
Project("{FAE04EC0-301F-11D3-BF4B-00C04F79EFBC}") = "Unity.Toolchain.Linux-x86_64.EditorTests", "Unity.Toolchain.Linux-x86_64.EditorTests.csproj", "{d9637d9e-8065-148e-fd17-766bd7ccb971}"
EndProject
Project("{FAE04EC0-301F-11D3-BF4B-00C04F79EFBC}") = "Unity.Searcher.EditorTests", "Unity.Searcher.EditorTests.csproj", "{5539f5cf-83a4-3069-bbd9-ca8ada7f8dd6}"
EndProject
Project("{FAE04EC0-301F-11D3-BF4B-00C04F79EFBC}") = "Unity.RenderPipelines.Universal.Runtime.Tests", "Unity.RenderPipelines.Universal.Runtime.Tests.csproj", "{63c91f26-8c90-4b5e-ee54-23b0f382c798}"
EndProject
Project("{FAE04EC0-301F-11D3-BF4B-00C04F79EFBC}") = "Unity.RenderPipelines.Universal.Editor.Tests", "Unity.RenderPipelines.Universal.Editor.Tests.csproj", "{f778ae89-1486-b913-3439-5e0ca464e5ed}"
EndProject
Project("{FAE04EC0-301F-11D3-BF4B-00C04F79EFBC}") = "Unity.ShaderGraph.Editor.Tests", "Unity.ShaderGraph.Editor.Tests.csproj", "{6fb4decd-7409-7725-8d52-82b919cb039e}"
EndProject
Project("{FAE04EC0-301F-11D3-BF4B-00C04F79EFBC}") = "Unity.Sysroot.Linux_x86_64.EditorTests", "Unity.Sysroot.Linux_x86_64.EditorTests.csproj", "{d200a623-2655-1565-4cde-57417d9ab2e1}"
EndProject
Project("{FAE04EC0-301F-11D3-BF4B-00C04F79EFBC}") = "SeparateAssembly", "SeparateAssembly.csproj", "{669a3d31-d06e-e06b-2b39-76257602f99b}"
EndProject
Project("{FAE04EC0-301F-11D3-BF4B-00C04F79EFBC}") = "Unity.Sysroot.EditorTests", "Unity.Sysroot.EditorTests.csproj", "{1c23b2e5-6775-2a8f-e334-b5c4df547aba}"
EndProject
Project("{FAE04EC0-301F-11D3-BF4B-00C04F79EFBC}") = "Assembly-CSharp-firstpass", "Assembly-CSharp-firstpass.csproj", "{f190e6fd-6f62-a0ff-5754-e83120972a79}"
EndProject
Project("{FAE04EC0-301F-11D3-BF4B-00C04F79EFBC}") = "OverloadedFunctionPointers", "OverloadedFunctionPointers.csproj", "{4261b26c-f406-8088-d19a-ababd179f368}"
EndProject
Global
	GlobalSection(SolutionConfigurationPlatforms) = preSolution
		Debug|Any CPU = Debug|Any CPU
	EndGlobalSection
	GlobalSection(ProjectConfigurationPlatforms) = postSolution
		{cdbe483a-d1a4-a8eb-199c-599d7900c285}.Debug|Any CPU.ActiveCfg = Debug|Any CPU
		{cdbe483a-d1a4-a8eb-199c-599d7900c285}.Debug|Any CPU.Build.0 = Debug|Any CPU
		{ffe08dfd-a80e-d88d-bc4f-cd42464311f2}.Debug|Any CPU.ActiveCfg = Debug|Any CPU
		{ffe08dfd-a80e-d88d-bc4f-cd42464311f2}.Debug|Any CPU.Build.0 = Debug|Any CPU
		{18ff97b5-3fd1-c4dc-b906-c98fb4ecda92}.Debug|Any CPU.ActiveCfg = Debug|Any CPU
		{18ff97b5-3fd1-c4dc-b906-c98fb4ecda92}.Debug|Any CPU.Build.0 = Debug|Any CPU
		{3a019c02-1d6f-3334-1bb3-fd58bde9a900}.Debug|Any CPU.ActiveCfg = Debug|Any CPU
		{3a019c02-1d6f-3334-1bb3-fd58bde9a900}.Debug|Any CPU.Build.0 = Debug|Any CPU
		{651094fe-8230-cd19-37a4-16d290e365b8}.Debug|Any CPU.ActiveCfg = Debug|Any CPU
		{651094fe-8230-cd19-37a4-16d290e365b8}.Debug|Any CPU.Build.0 = Debug|Any CPU
		{192b54eb-1e36-8178-c312-841c00d24d02}.Debug|Any CPU.ActiveCfg = Debug|Any CPU
		{192b54eb-1e36-8178-c312-841c00d24d02}.Debug|Any CPU.Build.0 = Debug|Any CPU
		{063d476e-cd17-9a75-4186-43af76af8f54}.Debug|Any CPU.ActiveCfg = Debug|Any CPU
		{063d476e-cd17-9a75-4186-43af76af8f54}.Debug|Any CPU.Build.0 = Debug|Any CPU
		{53c76c75-9975-3776-e65f-c33036b4881f}.Debug|Any CPU.ActiveCfg = Debug|Any CPU
		{53c76c75-9975-3776-e65f-c33036b4881f}.Debug|Any CPU.Build.0 = Debug|Any CPU
		{cc877d69-c965-afb7-5985-1b010c028e10}.Debug|Any CPU.ActiveCfg = Debug|Any CPU
		{cc877d69-c965-afb7-5985-1b010c028e10}.Debug|Any CPU.Build.0 = Debug|Any CPU
		{3aebf37d-87ac-dda4-95c9-d76cb42b96de}.Debug|Any CPU.ActiveCfg = Debug|Any CPU
		{3aebf37d-87ac-dda4-95c9-d76cb42b96de}.Debug|Any CPU.Build.0 = Debug|Any CPU
		{406db75e-4363-3498-0f7e-acffc38718cf}.Debug|Any CPU.ActiveCfg = Debug|Any CPU
		{406db75e-4363-3498-0f7e-acffc38718cf}.Debug|Any CPU.Build.0 = Debug|Any CPU
		{e7ddac86-8c35-e245-f630-373bdd4a28b1}.Debug|Any CPU.ActiveCfg = Debug|Any CPU
		{e7ddac86-8c35-e245-f630-373bdd4a28b1}.Debug|Any CPU.Build.0 = Debug|Any CPU
		{d327f894-c061-bc7c-a190-3e2f80ac6577}.Debug|Any CPU.ActiveCfg = Debug|Any CPU
		{d327f894-c061-bc7c-a190-3e2f80ac6577}.Debug|Any CPU.Build.0 = Debug|Any CPU
		{66a401ea-813c-163f-a520-af27af937b6e}.Debug|Any CPU.ActiveCfg = Debug|Any CPU
		{66a401ea-813c-163f-a520-af27af937b6e}.Debug|Any CPU.Build.0 = Debug|Any CPU
		{e5d0e126-aaef-8e7b-dd00-f850fe098338}.Debug|Any CPU.ActiveCfg = Debug|Any CPU
		{e5d0e126-aaef-8e7b-dd00-f850fe098338}.Debug|Any CPU.Build.0 = Debug|Any CPU
		{28c74b25-155c-b1a5-f6ca-c0dda6896761}.Debug|Any CPU.ActiveCfg = Debug|Any CPU
		{28c74b25-155c-b1a5-f6ca-c0dda6896761}.Debug|Any CPU.Build.0 = Debug|Any CPU
		{6fda758e-c727-a930-b345-1f0d4a16bbce}.Debug|Any CPU.ActiveCfg = Debug|Any CPU
		{6fda758e-c727-a930-b345-1f0d4a16bbce}.Debug|Any CPU.Build.0 = Debug|Any CPU
		{60b1020b-69b7-5f61-152c-0410aef0ed49}.Debug|Any CPU.ActiveCfg = Debug|Any CPU
		{60b1020b-69b7-5f61-152c-0410aef0ed49}.Debug|Any CPU.Build.0 = Debug|Any CPU
		{9886ad66-f8ac-c40a-afc6-f4bd175ae060}.Debug|Any CPU.ActiveCfg = Debug|Any CPU
		{9886ad66-f8ac-c40a-afc6-f4bd175ae060}.Debug|Any CPU.Build.0 = Debug|Any CPU
		{d5832307-7120-f54f-e386-b64ac9285258}.Debug|Any CPU.ActiveCfg = Debug|Any CPU
		{d5832307-7120-f54f-e386-b64ac9285258}.Debug|Any CPU.Build.0 = Debug|Any CPU
		{47d58a10-0109-b59f-ef64-f6ef13ea4e2b}.Debug|Any CPU.ActiveCfg = Debug|Any CPU
		{47d58a10-0109-b59f-ef64-f6ef13ea4e2b}.Debug|Any CPU.Build.0 = Debug|Any CPU
		{2106585b-b409-cb68-b5f4-5b9dd210a60f}.Debug|Any CPU.ActiveCfg = Debug|Any CPU
		{2106585b-b409-cb68-b5f4-5b9dd210a60f}.Debug|Any CPU.Build.0 = Debug|Any CPU
		{bdd98947-a409-7a89-09b1-6b4d7856be77}.Debug|Any CPU.ActiveCfg = Debug|Any CPU
		{bdd98947-a409-7a89-09b1-6b4d7856be77}.Debug|Any CPU.Build.0 = Debug|Any CPU
		{0085c2c7-7d54-fe95-5aa1-a5f7a70aea0f}.Debug|Any CPU.ActiveCfg = Debug|Any CPU
		{0085c2c7-7d54-fe95-5aa1-a5f7a70aea0f}.Debug|Any CPU.Build.0 = Debug|Any CPU
		{5602a31a-adbc-e23a-63f9-f1248d919c57}.Debug|Any CPU.ActiveCfg = Debug|Any CPU
		{5602a31a-adbc-e23a-63f9-f1248d919c57}.Debug|Any CPU.Build.0 = Debug|Any CPU
		{899fc9a0-c80d-c4f9-ce57-b1fcd1550091}.Debug|Any CPU.ActiveCfg = Debug|Any CPU
		{899fc9a0-c80d-c4f9-ce57-b1fcd1550091}.Debug|Any CPU.Build.0 = Debug|Any CPU
		{5f140e53-0f9e-9af6-54ec-6415ebeed2c3}.Debug|Any CPU.ActiveCfg = Debug|Any CPU
		{5f140e53-0f9e-9af6-54ec-6415ebeed2c3}.Debug|Any CPU.Build.0 = Debug|Any CPU
		{c4c07261-d2b1-48fe-6361-a1ab9b1f9af9}.Debug|Any CPU.ActiveCfg = Debug|Any CPU
		{c4c07261-d2b1-48fe-6361-a1ab9b1f9af9}.Debug|Any CPU.Build.0 = Debug|Any CPU
		{9d294b7b-8cb6-4f11-54d7-0a2321ec308b}.Debug|Any CPU.ActiveCfg = Debug|Any CPU
		{9d294b7b-8cb6-4f11-54d7-0a2321ec308b}.Debug|Any CPU.Build.0 = Debug|Any CPU
		{21b6ce25-7c00-eec0-4135-2a0fb8dfb031}.Debug|Any CPU.ActiveCfg = Debug|Any CPU
		{21b6ce25-7c00-eec0-4135-2a0fb8dfb031}.Debug|Any CPU.Build.0 = Debug|Any CPU
		{2331bdf4-6b3e-7661-8f8f-9ae8b09bec1e}.Debug|Any CPU.ActiveCfg = Debug|Any CPU
		{2331bdf4-6b3e-7661-8f8f-9ae8b09bec1e}.Debug|Any CPU.Build.0 = Debug|Any CPU
		{e0f24994-4694-7731-54b1-3a864d8def13}.Debug|Any CPU.ActiveCfg = Debug|Any CPU
		{e0f24994-4694-7731-54b1-3a864d8def13}.Debug|Any CPU.Build.0 = Debug|Any CPU
		{c018c96c-51cd-f058-b691-d43367f7d851}.Debug|Any CPU.ActiveCfg = Debug|Any CPU
		{c018c96c-51cd-f058-b691-d43367f7d851}.Debug|Any CPU.Build.0 = Debug|Any CPU
		{ef1c5455-824d-5e58-e087-053cececed93}.Debug|Any CPU.ActiveCfg = Debug|Any CPU
		{ef1c5455-824d-5e58-e087-053cececed93}.Debug|Any CPU.Build.0 = Debug|Any CPU
		{70c5440f-0521-16af-42c3-734ebd62a592}.Debug|Any CPU.ActiveCfg = Debug|Any CPU
		{70c5440f-0521-16af-42c3-734ebd62a592}.Debug|Any CPU.Build.0 = Debug|Any CPU
		{4a989906-bd2d-98e4-8907-1ba647e6e9b1}.Debug|Any CPU.ActiveCfg = Debug|Any CPU
		{4a989906-bd2d-98e4-8907-1ba647e6e9b1}.Debug|Any CPU.Build.0 = Debug|Any CPU
		{ea8cdb30-3730-1fbd-7807-78653ad31d8f}.Debug|Any CPU.ActiveCfg = Debug|Any CPU
		{ea8cdb30-3730-1fbd-7807-78653ad31d8f}.Debug|Any CPU.Build.0 = Debug|Any CPU
		{c6d09311-2750-58c6-4bf4-9618d39f24bb}.Debug|Any CPU.ActiveCfg = Debug|Any CPU
		{c6d09311-2750-58c6-4bf4-9618d39f24bb}.Debug|Any CPU.Build.0 = Debug|Any CPU
		{31126b4a-4e1a-6fd4-ff79-87b54d49cb74}.Debug|Any CPU.ActiveCfg = Debug|Any CPU
		{31126b4a-4e1a-6fd4-ff79-87b54d49cb74}.Debug|Any CPU.Build.0 = Debug|Any CPU
		{60418c05-420b-5231-7d9e-e03cec1a3327}.Debug|Any CPU.ActiveCfg = Debug|Any CPU
		{60418c05-420b-5231-7d9e-e03cec1a3327}.Debug|Any CPU.Build.0 = Debug|Any CPU
		{0d651275-fa2f-9aa7-a787-b7374f3b5253}.Debug|Any CPU.ActiveCfg = Debug|Any CPU
		{0d651275-fa2f-9aa7-a787-b7374f3b5253}.Debug|Any CPU.Build.0 = Debug|Any CPU
		{e3429c2b-bf30-2f03-a70a-b2ad1229a635}.Debug|Any CPU.ActiveCfg = Debug|Any CPU
		{e3429c2b-bf30-2f03-a70a-b2ad1229a635}.Debug|Any CPU.Build.0 = Debug|Any CPU
		{c73fe8e0-97da-fab5-c018-f0c0dc9ade3e}.Debug|Any CPU.ActiveCfg = Debug|Any CPU
		{c73fe8e0-97da-fab5-c018-f0c0dc9ade3e}.Debug|Any CPU.Build.0 = Debug|Any CPU
		{d9637d9e-8065-148e-fd17-766bd7ccb971}.Debug|Any CPU.ActiveCfg = Debug|Any CPU
		{d9637d9e-8065-148e-fd17-766bd7ccb971}.Debug|Any CPU.Build.0 = Debug|Any CPU
		{5539f5cf-83a4-3069-bbd9-ca8ada7f8dd6}.Debug|Any CPU.ActiveCfg = Debug|Any CPU
		{5539f5cf-83a4-3069-bbd9-ca8ada7f8dd6}.Debug|Any CPU.Build.0 = Debug|Any CPU
		{63c91f26-8c90-4b5e-ee54-23b0f382c798}.Debug|Any CPU.ActiveCfg = Debug|Any CPU
		{63c91f26-8c90-4b5e-ee54-23b0f382c798}.Debug|Any CPU.Build.0 = Debug|Any CPU
		{f778ae89-1486-b913-3439-5e0ca464e5ed}.Debug|Any CPU.ActiveCfg = Debug|Any CPU
		{f778ae89-1486-b913-3439-5e0ca464e5ed}.Debug|Any CPU.Build.0 = Debug|Any CPU
		{6fb4decd-7409-7725-8d52-82b919cb039e}.Debug|Any CPU.ActiveCfg = Debug|Any CPU
		{6fb4decd-7409-7725-8d52-82b919cb039e}.Debug|Any CPU.Build.0 = Debug|Any CPU
		{d200a623-2655-1565-4cde-57417d9ab2e1}.Debug|Any CPU.ActiveCfg = Debug|Any CPU
		{d200a623-2655-1565-4cde-57417d9ab2e1}.Debug|Any CPU.Build.0 = Debug|Any CPU
		{669a3d31-d06e-e06b-2b39-76257602f99b}.Debug|Any CPU.ActiveCfg = Debug|Any CPU
		{669a3d31-d06e-e06b-2b39-76257602f99b}.Debug|Any CPU.Build.0 = Debug|Any CPU
		{1c23b2e5-6775-2a8f-e334-b5c4df547aba}.Debug|Any CPU.ActiveCfg = Debug|Any CPU
		{1c23b2e5-6775-2a8f-e334-b5c4df547aba}.Debug|Any CPU.Build.0 = Debug|Any CPU
		{f190e6fd-6f62-a0ff-5754-e83120972a79}.Debug|Any CPU.ActiveCfg = Debug|Any CPU
		{f190e6fd-6f62-a0ff-5754-e83120972a79}.Debug|Any CPU.Build.0 = Debug|Any CPU
		{4261b26c-f406-8088-d19a-ababd179f368}.Debug|Any CPU.ActiveCfg = Debug|Any CPU
		{4261b26c-f406-8088-d19a-ababd179f368}.Debug|Any CPU.Build.0 = Debug|Any CPU
	EndGlobalSection
	GlobalSection(SolutionProperties) = preSolution
		HideSolutionNode = FALSE
	EndGlobalSection
EndGlobal
